{
  "version": 1,
  "dependencies": {
    "net9.0": {
      "Microsoft.DotNet.ILCompiler": {
        "type": "Direct",
        "requested": "[9.0.6, )",
        "resolved": "9.0.6",
        "contentHash": "O7Row/kOgEA3PXpeCVKpDJ9ooAoJDoKoxpZC86voOAwV2NA1jTbQ0Nn0VCuoTT/IvU0T7YNlPldAS0mOrppXmw=="
      },
      "Microsoft.NET.ILLink.Tasks": {
        "type": "Direct",
        "requested": "[9.0.6, )",
        "resolved": "9.0.6",
        "contentHash": "TXy3SbJzGXQbxxIxCjdrp8bwEyTDImyYNpTpd6v7P3JL2Y7dno8EYG7dPezfYTa5SoWKdhbH9cbnwHHs3BR5gA=="
      },
      "OneOf": {
        "type": "Direct",
        "requested": "[3.0.271, )",
        "resolved": "3.0.271",
        "contentHash": "pqpqeK8xQGggExhr4tesVgJkjdn+9HQAO0QgrYV2hFjE3y90okzk1kQMntMiUOGfV7FrCUfKPaVvPBD4IANqKg=="
      },
      "Spectre.Console": {
        "type": "Direct",
        "requested": "[0.50.0, )",
        "resolved": "0.50.0",
        "contentHash": "gkwYncFqMjlPF6Yz8KeVsKWpdfv15sr6uKm+vXVa/8Q4tvx52LPzMQOO5m+bXwI3AGGFeY3cok3ZJbguYizswg==",
        "dependencies": {
          "System.Memory": "4.6.3"
        }
      },
      "System.CommandLine": {
        "type": "Direct",
        "requested": "[2.0.0-beta5.25306.1, )",
        "resolved": "2.0.0-beta5.25306.1",
        "contentHash": "ce0wuowuh13Cd7GXqLCq77/YWlxQMxrVCMIO/2/QUP6CdP/JWnlYSN/N3/55wwGsUwa9CvPuT8ddjgyypUr5ag=="
      },
      "System.Text.Json": {
        "type": "Direct",
        "requested": "[9.0.0, )",
        "resolved": "9.0.0",
        "contentHash": "js7+qAu/9mQvnhA4EfGMZNEzXtJCDxgkgj8ohuxq/Qxv+R56G+ljefhiJHOxTNiw54q8vmABCWUwkMulNdlZ4A=="
      },
      "System.Memory": {
        "type": "Transitive",
        "resolved": "4.6.3",
        "contentHash": "qdcDOgnFZY40+Q9876JUHnlHu7bosOHX8XISRoH94fwk6hgaeQGSgfZd8srWRZNt5bV9ZW2TljcegDNxsf+96A=="
      }
    },
    "net9.0/win-x64": {
      "Microsoft.DotNet.ILCompiler": {
        "type": "Direct",
        "requested": "[9.0.6, )",
        "resolved": "9.0.6",
        "contentHash": "O7Row/kOgEA3PXpeCVKpDJ9ooAoJDoKoxpZC86voOAwV2NA1jTbQ0Nn0VCuoTT/IvU0T7YNlPldAS0mOrppXmw==",
        "dependencies": {
          "runtime.win-x64.Microsoft.DotNet.ILCompiler": "9.0.6"
        }
      },
      "runtime.win-x64.Microsoft.DotNet.ILCompiler": {
        "type": "Transitive",
        "resolved": "9.0.6",
        "contentHash": "CnNmfPtanygd9DnZ/Qe0dLjvPtP4ujx1uDRsS8UEeFS2cg72fYVNo7tje3/F26NjfnwDRE6xGX0c/eczhSps4g=="
      }
    }
  }
}